
Microsoft Visual Studio Solution File, Format Version 12.00
# Visual Studio Version 16
VisualStudioVersion = 16.0.30128.74
MinimumVisualStudioVersion = 10.0.40219.1
Project("{FAE04EC0-301F-11D3-BF4B-00C04F79EFBC}") = "ConsoleApp2", "ConsoleApp2\ConsoleApp2.csproj", "{5C53DA87-4520-439F-B03A-B71EA37F4022}"
EndProject
Project("{FAE04EC0-301F-11D3-BF4B-00C04F79EFBC}") = "UnitTestProject1", "UnitTestProject1\UnitTestProject1.csproj", "{CD3D820F-6BA3-4BAE-8B21-B3F9043B4D59}"
EndProject
Global
	GlobalSection(SolutionConfigurationPlatforms) = preSolution
		Debug|Any CPU = Debug|Any CPU
		Release|Any CPU = Release|Any CPU
	EndGlobalSection
	GlobalSection(ProjectConfigurationPlatforms) = postSolution
		{5C53DA87-4520-439F-B03A-B71EA37F4022}.Debug|Any CPU.ActiveCfg = Debug|Any CPU
		{5C53DA87-4520-439F-B03A-B71EA37F4022}.Debug|Any CPU.Build.0 = Debug|Any CPU
		{5C53DA87-4520-439F-B03A-B71EA37F4022}.Release|Any CPU.ActiveCfg = Release|Any CPU
		{5C53DA87-4520-439F-B03A-B71EA37F4022}.Release|Any CPU.Build.0 = Release|Any CPU
		{CD3D820F-6BA3-4BAE-8B21-B3F9043B4D59}.Debug|Any CPU.ActiveCfg = Debug|Any CPU
		{CD3D820F-6BA3-4BAE-8B21-B3F9043B4D59}.Debug|Any CPU.Build.0 = Debug|Any CPU
		{CD3D820F-6BA3-4BAE-8B21-B3F9043B4D59}.Release|Any CPU.ActiveCfg = Release|Any CPU
		{CD3D820F-6BA3-4BAE-8B21-B3F9043B4D59}.Release|Any CPU.Build.0 = Release|Any CPU
	EndGlobalSection
	GlobalSection(SolutionProperties) = preSolution
		HideSolutionNode = FALSE
	EndGlobalSection
	GlobalSection(ExtensibilityGlobals) = postSolution
		SolutionGuid = {8043D3E8-B761-414E-B04E-E035EEEDD2E3}
	EndGlobalSection
EndGlobal
